
Microsoft Visual Studio Solution File, Format Version 12.00
# Visual Studio 15
VisualStudioVersion = 15.0.28307.757
MinimumVisualStudioVersion = 10.0.40219.1
Project("{FAE04EC0-301F-11D3-BF4B-00C04F79EFBC}") = "EmguCVTest", "EmguCVTest\EmguCVTest.csproj", "{F456BC70-6246-491D-934D-E29D37F5F9D8}"
EndProject
Global
	GlobalSection(SolutionConfigurationPlatforms) = preSolution
		Debug|Any CPU = Debug|Any CPU
		Release|Any CPU = Release|Any CPU
	EndGlobalSection
	GlobalSection(ProjectConfigurationPlatforms) = postSolution
		{F456BC70-6246-491D-934D-E29D37F5F9D8}.Debug|Any CPU.ActiveCfg = Debug|Any CPU
		{F456BC70-6246-491D-934D-E29D37F5F9D8}.Debug|Any CPU.Build.0 = Debug|Any CPU
		{F456BC70-6246-491D-934D-E29D37F5F9D8}.Release|Any CPU.ActiveCfg = Release|Any CPU
		{F456BC70-6246-491D-934D-E29D37F5F9D8}.Release|Any CPU.Build.0 = Release|Any CPU
	EndGlobalSection
	GlobalSection(SolutionProperties) = preSolution
		HideSolutionNode = FALSE
	EndGlobalSection
	GlobalSection(ExtensibilityGlobals) = postSolution
		SolutionGuid = {ECE712E3-DF7B-4D99-AF01-1D43FB50A34C}
	EndGlobalSection
EndGlobal
